
Microsoft Visual Studio Solution File, Format Version 12.00
# Visual Studio Version 17
VisualStudioVersion = 17.0.31903.59
MinimumVisualStudioVersion = 10.0.40219.1
Project("{FAE04EC0-301F-11D3-BF4B-00C04F79EFBC}") = "Eshop", "Eshop\Eshop.csproj", "{8C507DF5-E7F3-4191-9FFA-80B74E462F84}"
EndProject
Project("{FAE04EC0-301F-11D3-BF4B-00C04F79EFBC}") = "Data", "Data\Data.csproj", "{5F0C4D0B-5347-4393-871F-FEBEDAAA8592}"
EndProject
Project("{FAE04EC0-301F-11D3-BF4B-00C04F79EFBC}") = "Entities", "Entities\Entities.csproj", "{EF356D8A-7741-4CCD-BC33-695185D9DAA2}"
EndProject
Project("{FAE04EC0-301F-11D3-BF4B-00C04F79EFBC}") = "Infrastructure", "Infrastructure\Infrastructure.csproj", "{C6A3797C-BE8D-4780-BBE5-8FAED6301DA4}"
EndProject
Project("{FAE04EC0-301F-11D3-BF4B-00C04F79EFBC}") = "Models", "Models\Models.csproj", "{9133DD49-8504-458A-BEE0-3EA69E981527}"
EndProject
Project("{FAE04EC0-301F-11D3-BF4B-00C04F79EFBC}") = "Contracts", "Contracts\Contracts.csproj", "{7D179FAE-EC5E-43BB-B9B4-33B417E0D8EE}"
EndProject
Project("{FAE04EC0-301F-11D3-BF4B-00C04F79EFBC}") = "Repository", "Repository\Repository.csproj", "{47FD580C-D061-49B1-806E-96013D1A634C}"
EndProject
Global
	GlobalSection(SolutionConfigurationPlatforms) = preSolution
		Debug|Any CPU = Debug|Any CPU
		Release|Any CPU = Release|Any CPU
	EndGlobalSection
	GlobalSection(SolutionProperties) = preSolution
		HideSolutionNode = FALSE
	EndGlobalSection
	GlobalSection(ProjectConfigurationPlatforms) = postSolution
		{8C507DF5-E7F3-4191-9FFA-80B74E462F84}.Debug|Any CPU.ActiveCfg = Debug|Any CPU
		{8C507DF5-E7F3-4191-9FFA-80B74E462F84}.Debug|Any CPU.Build.0 = Debug|Any CPU
		{8C507DF5-E7F3-4191-9FFA-80B74E462F84}.Release|Any CPU.ActiveCfg = Release|Any CPU
		{8C507DF5-E7F3-4191-9FFA-80B74E462F84}.Release|Any CPU.Build.0 = Release|Any CPU
		{5F0C4D0B-5347-4393-871F-FEBEDAAA8592}.Debug|Any CPU.ActiveCfg = Debug|Any CPU
		{5F0C4D0B-5347-4393-871F-FEBEDAAA8592}.Debug|Any CPU.Build.0 = Debug|Any CPU
		{5F0C4D0B-5347-4393-871F-FEBEDAAA8592}.Release|Any CPU.ActiveCfg = Release|Any CPU
		{5F0C4D0B-5347-4393-871F-FEBEDAAA8592}.Release|Any CPU.Build.0 = Release|Any CPU
		{EF356D8A-7741-4CCD-BC33-695185D9DAA2}.Debug|Any CPU.ActiveCfg = Debug|Any CPU
		{EF356D8A-7741-4CCD-BC33-695185D9DAA2}.Debug|Any CPU.Build.0 = Debug|Any CPU
		{EF356D8A-7741-4CCD-BC33-695185D9DAA2}.Release|Any CPU.ActiveCfg = Release|Any CPU
		{EF356D8A-7741-4CCD-BC33-695185D9DAA2}.Release|Any CPU.Build.0 = Release|Any CPU
		{C6A3797C-BE8D-4780-BBE5-8FAED6301DA4}.Debug|Any CPU.ActiveCfg = Debug|Any CPU
		{C6A3797C-BE8D-4780-BBE5-8FAED6301DA4}.Debug|Any CPU.Build.0 = Debug|Any CPU
		{C6A3797C-BE8D-4780-BBE5-8FAED6301DA4}.Release|Any CPU.ActiveCfg = Release|Any CPU
		{C6A3797C-BE8D-4780-BBE5-8FAED6301DA4}.Release|Any CPU.Build.0 = Release|Any CPU
		{9133DD49-8504-458A-BEE0-3EA69E981527}.Debug|Any CPU.ActiveCfg = Debug|Any CPU
		{9133DD49-8504-458A-BEE0-3EA69E981527}.Debug|Any CPU.Build.0 = Debug|Any CPU
		{9133DD49-8504-458A-BEE0-3EA69E981527}.Release|Any CPU.ActiveCfg = Release|Any CPU
		{9133DD49-8504-458A-BEE0-3EA69E981527}.Release|Any CPU.Build.0 = Release|Any CPU
		{7D179FAE-EC5E-43BB-B9B4-33B417E0D8EE}.Debug|Any CPU.ActiveCfg = Debug|Any CPU
		{7D179FAE-EC5E-43BB-B9B4-33B417E0D8EE}.Debug|Any CPU.Build.0 = Debug|Any CPU
		{7D179FAE-EC5E-43BB-B9B4-33B417E0D8EE}.Release|Any CPU.ActiveCfg = Release|Any CPU
		{7D179FAE-EC5E-43BB-B9B4-33B417E0D8EE}.Release|Any CPU.Build.0 = Release|Any CPU
		{47FD580C-D061-49B1-806E-96013D1A634C}.Debug|Any CPU.ActiveCfg = Debug|Any CPU
		{47FD580C-D061-49B1-806E-96013D1A634C}.Debug|Any CPU.Build.0 = Debug|Any CPU
		{47FD580C-D061-49B1-806E-96013D1A634C}.Release|Any CPU.ActiveCfg = Release|Any CPU
		{47FD580C-D061-49B1-806E-96013D1A634C}.Release|Any CPU.Build.0 = Release|Any CPU
	EndGlobalSection
EndGlobal
